
Microsoft Visual Studio Solution File, Format Version 12.00
# Visual Studio Version 17
VisualStudioVersion = 17.0.31903.59
MinimumVisualStudioVersion = 10.0.40219.1
Project("{9A19103F-16F7-4668-BE54-9A1E7A4F7556}") = "ArbitraryApp.Server", "ArbitraryApp\Server\ArbitraryApp.Server.csproj", "{32A163F8-9849-4684-A5FD-137B871C93E6}"
EndProject
Project("{9A19103F-16F7-4668-BE54-9A1E7A4F7556}") = "ArbitraryApp.Shared", "ArbitraryApp\Shared\ArbitraryApp.Shared.csproj", "{C2A8ACF4-1CD1-4983-AD60-3B9EB930F831}"
EndProject
Project("{9A19103F-16F7-4668-BE54-9A1E7A4F7556}") = "ArbitraryApp.Client", "ArbitraryApp\Client\ArbitraryApp.Client.csproj", "{6C38CFBC-2196-4E87-8823-7600FE2B2E06}"
EndProject
Project("{FAE04EC0-301F-11D3-BF4B-00C04F79EFBC}") = "ArbitraryApp.Server.Tests", "ArbitraryApp\Server.Tests\ArbitraryApp.Server.Tests.csproj", "{E43E61E9-3B7D-4E41-AD08-252B582D84E2}"
EndProject
Project("{FAE04EC0-301F-11D3-BF4B-00C04F79EFBC}") = "ArbitraryApp.Server.IntegrationTests", "ArbitraryApp\Server.IntegrationTests\ArbitraryApp.Server.IntegrationTests.csproj", "{A4B3B7E1-9385-4266-A8D9-4390907F7877}"
EndProject
Project("{FAE04EC0-301F-11D3-BF4B-00C04F79EFBC}") = "ArbitraryApp.Domain", "ArbitraryApp\Domain\ArbitraryApp.Domain.csproj", "{7A01A641-B417-4B30-AFF1-DAC68779FF05}"
EndProject
Global
	GlobalSection(SolutionConfigurationPlatforms) = preSolution
		Debug|Any CPU = Debug|Any CPU
		Release|Any CPU = Release|Any CPU
	EndGlobalSection
	GlobalSection(ProjectConfigurationPlatforms) = postSolution
		{32A163F8-9849-4684-A5FD-137B871C93E6}.Debug|Any CPU.ActiveCfg = Debug|Any CPU
		{32A163F8-9849-4684-A5FD-137B871C93E6}.Debug|Any CPU.Build.0 = Debug|Any CPU
		{32A163F8-9849-4684-A5FD-137B871C93E6}.Release|Any CPU.ActiveCfg = Release|Any CPU
		{32A163F8-9849-4684-A5FD-137B871C93E6}.Release|Any CPU.Build.0 = Release|Any CPU
		{C2A8ACF4-1CD1-4983-AD60-3B9EB930F831}.Debug|Any CPU.ActiveCfg = Debug|Any CPU
		{C2A8ACF4-1CD1-4983-AD60-3B9EB930F831}.Debug|Any CPU.Build.0 = Debug|Any CPU
		{C2A8ACF4-1CD1-4983-AD60-3B9EB930F831}.Release|Any CPU.ActiveCfg = Release|Any CPU
		{C2A8ACF4-1CD1-4983-AD60-3B9EB930F831}.Release|Any CPU.Build.0 = Release|Any CPU
		{6C38CFBC-2196-4E87-8823-7600FE2B2E06}.Debug|Any CPU.ActiveCfg = Debug|Any CPU
		{6C38CFBC-2196-4E87-8823-7600FE2B2E06}.Debug|Any CPU.Build.0 = Debug|Any CPU
		{6C38CFBC-2196-4E87-8823-7600FE2B2E06}.Release|Any CPU.ActiveCfg = Release|Any CPU
		{6C38CFBC-2196-4E87-8823-7600FE2B2E06}.Release|Any CPU.Build.0 = Release|Any CPU
		{E43E61E9-3B7D-4E41-AD08-252B582D84E2}.Debug|Any CPU.ActiveCfg = Debug|Any CPU
		{E43E61E9-3B7D-4E41-AD08-252B582D84E2}.Debug|Any CPU.Build.0 = Debug|Any CPU
		{E43E61E9-3B7D-4E41-AD08-252B582D84E2}.Release|Any CPU.ActiveCfg = Release|Any CPU
		{E43E61E9-3B7D-4E41-AD08-252B582D84E2}.Release|Any CPU.Build.0 = Release|Any CPU
		{A4B3B7E1-9385-4266-A8D9-4390907F7877}.Debug|Any CPU.ActiveCfg = Debug|Any CPU
		{A4B3B7E1-9385-4266-A8D9-4390907F7877}.Debug|Any CPU.Build.0 = Debug|Any CPU
		{A4B3B7E1-9385-4266-A8D9-4390907F7877}.Release|Any CPU.ActiveCfg = Release|Any CPU
		{A4B3B7E1-9385-4266-A8D9-4390907F7877}.Release|Any CPU.Build.0 = Release|Any CPU
		{7A01A641-B417-4B30-AFF1-DAC68779FF05}.Debug|Any CPU.ActiveCfg = Debug|Any CPU
		{7A01A641-B417-4B30-AFF1-DAC68779FF05}.Debug|Any CPU.Build.0 = Debug|Any CPU
		{7A01A641-B417-4B30-AFF1-DAC68779FF05}.Release|Any CPU.ActiveCfg = Release|Any CPU
		{7A01A641-B417-4B30-AFF1-DAC68779FF05}.Release|Any CPU.Build.0 = Release|Any CPU
	EndGlobalSection
	GlobalSection(SolutionProperties) = preSolution
		HideSolutionNode = FALSE
	EndGlobalSection
	GlobalSection(ExtensibilityGlobals) = postSolution
		SolutionGuid = {6DBF8473-06FC-43AF-A14F-41F17AB93C7E}
	EndGlobalSection
EndGlobal
